
Microsoft Visual Studio Solution File, Format Version 12.00
# Visual Studio 2013
VisualStudioVersion = 12.0.31101.0
MinimumVisualStudioVersion = 10.0.40219.1
Project("{FAE04EC0-301F-11D3-BF4B-00C04F79EFBC}") = "ScrollView", "ScrollView\ScrollView.csproj", "{C48D49A0-5663-4F83-8E11-4202D01F8566}"
EndProject
Global
	GlobalSection(SolutionConfigurationPlatforms) = preSolution
		Debug|Any CPU = Debug|Any CPU
		Release|Any CPU = Release|Any CPU
	EndGlobalSection
	GlobalSection(ProjectConfigurationPlatforms) = postSolution
		{C48D49A0-5663-4F83-8E11-4202D01F8566}.Debug|Any CPU.ActiveCfg = Debug|Any CPU
		{C48D49A0-5663-4F83-8E11-4202D01F8566}.Debug|Any CPU.Build.0 = Debug|Any CPU
		{C48D49A0-5663-4F83-8E11-4202D01F8566}.Debug|Any CPU.Deploy.0 = Debug|Any CPU
		{C48D49A0-5663-4F83-8E11-4202D01F8566}.Release|Any CPU.ActiveCfg = Release|Any CPU
		{C48D49A0-5663-4F83-8E11-4202D01F8566}.Release|Any CPU.Build.0 = Release|Any CPU
		{C48D49A0-5663-4F83-8E11-4202D01F8566}.Release|Any CPU.Deploy.0 = Release|Any CPU
	EndGlobalSection
	GlobalSection(SolutionProperties) = preSolution
		HideSolutionNode = FALSE
	EndGlobalSection
EndGlobal
